
Microsoft Visual Studio Solution File, Format Version 12.00
# Visual Studio Version 17
VisualStudioVersion = 17.9.34701.34
MinimumVisualStudioVersion = 10.0.40219.1
Project("{9A19103F-16F7-4668-BE54-9A1E7A4F7556}") = "PhotonPiano.API", "PhotonPiano.API.csproj", "{30345DAA-5C54-4344-9BB7-6940D5F06273}"
	ProjectSection(ProjectDependencies) = postProject
		{4BB235FA-ECB1-48D6-B95E-078C0A5367B1} = {4BB235FA-ECB1-48D6-B95E-078C0A5367B1}
	EndProjectSection
EndProject
Project("{9A19103F-16F7-4668-BE54-9A1E7A4F7556}") = "PhotonPiano.Models", "..\PhotonPiano.Models\PhotonPiano.Models.csproj", "{4BB235FA-ECB1-48D6-B95E-078C0A5367B1}"
EndProject
Project("{9A19103F-16F7-4668-BE54-9A1E7A4F7556}") = "PhotonPiano.Helper", "..\PhotonPiano.Helper\PhotonPiano.Helper.csproj", "{81DFB66C-5CA3-4CA9-AE01-ED0EE119F275}"
EndProject
Project("{9A19103F-16F7-4668-BE54-9A1E7A4F7556}") = "PhotonPiano.BusinessLogic", "..\PhotonPiano.BusinessLogic\PhotonPiano.BusinessLogic.csproj", "{2F1627C4-6700-480A-AD7E-8D7FD27E7340}"
EndProject
Project("{FAE04EC0-301F-11D3-BF4B-00C04F79EFBC}") = "PhotonPiano.DataAccess", "..\PhotonPiano.DataAccess\PhotonPiano.DataAccess.csproj", "{CAACAE79-7A01-45CA-808A-004E4D979B70}"
EndProject
Global
	GlobalSection(SolutionConfigurationPlatforms) = preSolution
		Debug|Any CPU = Debug|Any CPU
		Release|Any CPU = Release|Any CPU
	EndGlobalSection
	GlobalSection(ProjectConfigurationPlatforms) = postSolution
		{30345DAA-5C54-4344-9BB7-6940D5F06273}.Debug|Any CPU.ActiveCfg = Debug|Any CPU
		{30345DAA-5C54-4344-9BB7-6940D5F06273}.Debug|Any CPU.Build.0 = Debug|Any CPU
		{30345DAA-5C54-4344-9BB7-6940D5F06273}.Release|Any CPU.ActiveCfg = Release|Any CPU
		{30345DAA-5C54-4344-9BB7-6940D5F06273}.Release|Any CPU.Build.0 = Release|Any CPU
		{4BB235FA-ECB1-48D6-B95E-078C0A5367B1}.Debug|Any CPU.ActiveCfg = Debug|Any CPU
		{4BB235FA-ECB1-48D6-B95E-078C0A5367B1}.Debug|Any CPU.Build.0 = Debug|Any CPU
		{4BB235FA-ECB1-48D6-B95E-078C0A5367B1}.Release|Any CPU.ActiveCfg = Release|Any CPU
		{4BB235FA-ECB1-48D6-B95E-078C0A5367B1}.Release|Any CPU.Build.0 = Release|Any CPU
		{81DFB66C-5CA3-4CA9-AE01-ED0EE119F275}.Debug|Any CPU.ActiveCfg = Debug|Any CPU
		{81DFB66C-5CA3-4CA9-AE01-ED0EE119F275}.Debug|Any CPU.Build.0 = Debug|Any CPU
		{81DFB66C-5CA3-4CA9-AE01-ED0EE119F275}.Release|Any CPU.ActiveCfg = Release|Any CPU
		{81DFB66C-5CA3-4CA9-AE01-ED0EE119F275}.Release|Any CPU.Build.0 = Release|Any CPU
		{2F1627C4-6700-480A-AD7E-8D7FD27E7340}.Debug|Any CPU.ActiveCfg = Debug|Any CPU
		{2F1627C4-6700-480A-AD7E-8D7FD27E7340}.Debug|Any CPU.Build.0 = Debug|Any CPU
		{2F1627C4-6700-480A-AD7E-8D7FD27E7340}.Release|Any CPU.ActiveCfg = Release|Any CPU
		{2F1627C4-6700-480A-AD7E-8D7FD27E7340}.Release|Any CPU.Build.0 = Release|Any CPU
		{CAACAE79-7A01-45CA-808A-004E4D979B70}.Debug|Any CPU.ActiveCfg = Debug|Any CPU
		{CAACAE79-7A01-45CA-808A-004E4D979B70}.Debug|Any CPU.Build.0 = Debug|Any CPU
		{CAACAE79-7A01-45CA-808A-004E4D979B70}.Release|Any CPU.ActiveCfg = Release|Any CPU
		{CAACAE79-7A01-45CA-808A-004E4D979B70}.Release|Any CPU.Build.0 = Release|Any CPU
	EndGlobalSection
	GlobalSection(SolutionProperties) = preSolution
		HideSolutionNode = FALSE
	EndGlobalSection
	GlobalSection(ExtensibilityGlobals) = postSolution
		SolutionGuid = {FC8656C5-8F6E-400B-9A6B-26E47C88FCC3}
	EndGlobalSection
EndGlobal
